// !$*UTF8*$!
{
	archiveVersion = 1;
	classes = {
	};
	objectVersion = 55;
	objects = {

/* Begin PBXBuildFile section */
		7E1D3BC428032C4900BFAD47 /* AppDelegate.swift in Sources */ = {isa = PBXBuildFile; fileRef = 7E1D3BC328032C4900BFAD47 /* AppDelegate.swift */; };
		7E1D3BC628032C4900BFAD47 /* SceneDelegate.swift in Sources */ = {isa = PBXBuildFile; fileRef = 7E1D3BC528032C4900BFAD47 /* SceneDelegate.swift */; };
		7E1D3BCB28032C4900BFAD47 /* Main.storyboard in Resources */ = {isa = PBXBuildFile; fileRef = 7E1D3BC928032C4900BFAD47 /* Main.storyboard */; };
		7E1D3BCD28032C4900BFAD47 /* Assets.xcassets in Resources */ = {isa = PBXBuildFile; fileRef = 7E1D3BCC28032C4900BFAD47 /* Assets.xcassets */; };
		7E1D3BD028032C4900BFAD47 /* LaunchScreen.storyboard in Resources */ = {isa = PBXBuildFile; fileRef = 7E1D3BCE28032C4900BFAD47 /* LaunchScreen.storyboard */; };
		7E1D3BDC2803344900BFAD47 /* OnboardingViewController.swift in Sources */ = {isa = PBXBuildFile; fileRef = 7E1D3BDB2803344900BFAD47 /* OnboardingViewController.swift */; };
		7E1D3BDF28033BF600BFAD47 /* UIViewExtension.swift in Sources */ = {isa = PBXBuildFile; fileRef = 7E1D3BDE28033BF600BFAD47 /* UIViewExtension.swift */; };
		7E1D3BE128033D0000BFAD47 /* OnboardingSlide.swift in Sources */ = {isa = PBXBuildFile; fileRef = 7E1D3BE028033D0000BFAD47 /* OnboardingSlide.swift */; };
		7E1D3BE328033F8C00BFAD47 /* OnBoardingCollectionViewCell.swift in Sources */ = {isa = PBXBuildFile; fileRef = 7E1D3BE228033F8C00BFAD47 /* OnBoardingCollectionViewCell.swift */; };
/* End PBXBuildFile section */

/* Begin PBXFileReference section */
		7E1D3BC028032C4900BFAD47 /* VerityUp.app */ = {isa = PBXFileReference; explicitFileType = wrapper.application; includeInIndex = 0; path = VerityUp.app; sourceTree = BUILT_PRODUCTS_DIR; };
		7E1D3BC328032C4900BFAD47 /* AppDelegate.swift */ = {isa = PBXFileReference; lastKnownFileType = sourcecode.swift; path = AppDelegate.swift; sourceTree = "<group>"; };
		7E1D3BC528032C4900BFAD47 /* SceneDelegate.swift */ = {isa = PBXFileReference; lastKnownFileType = sourcecode.swift; path = SceneDelegate.swift; sourceTree = "<group>"; };
		7E1D3BCA28032C4900BFAD47 /* Base */ = {isa = PBXFileReference; lastKnownFileType = file.storyboard; name = Base; path = Base.lproj/Main.storyboard; sourceTree = "<group>"; };
		7E1D3BCC28032C4900BFAD47 /* Assets.xcassets */ = {isa = PBXFileReference; lastKnownFileType = folder.assetcatalog; path = Assets.xcassets; sourceTree = "<group>"; };
		7E1D3BCF28032C4900BFAD47 /* Base */ = {isa = PBXFileReference; lastKnownFileType = file.storyboard; name = Base; path = Base.lproj/LaunchScreen.storyboard; sourceTree = "<group>"; };
		7E1D3BD128032C4900BFAD47 /* Info.plist */ = {isa = PBXFileReference; lastKnownFileType = text.plist.xml; path = Info.plist; sourceTree = "<group>"; };
		7E1D3BDB2803344900BFAD47 /* OnboardingViewController.swift */ = {isa = PBXFileReference; lastKnownFileType = sourcecode.swift; path = OnboardingViewController.swift; sourceTree = "<group>"; };
		7E1D3BDE28033BF600BFAD47 /* UIViewExtension.swift */ = {isa = PBXFileReference; lastKnownFileType = sourcecode.swift; path = UIViewExtension.swift; sourceTree = "<group>"; };
		7E1D3BE028033D0000BFAD47 /* OnboardingSlide.swift */ = {isa = PBXFileReference; lastKnownFileType = sourcecode.swift; path = OnboardingSlide.swift; sourceTree = "<group>"; };
		7E1D3BE228033F8C00BFAD47 /* OnBoardingCollectionViewCell.swift */ = {isa = PBXFileReference; lastKnownFileType = sourcecode.swift; path = OnBoardingCollectionViewCell.swift; sourceTree = "<group>"; };
/* End PBXFileReference section */

/* Begin PBXFrameworksBuildPhase section */
		7E1D3BBD28032C4900BFAD47 /* Frameworks */ = {
			isa = PBXFrameworksBuildPhase;
			buildActionMask = 2147483647;
			files = (
			);
			runOnlyForDeploymentPostprocessing = 0;
		};
/* End PBXFrameworksBuildPhase section */

/* Begin PBXGroup section */
		7E1D3BB728032C4900BFAD47 = {
			isa = PBXGroup;
			children = (
				7E1D3BC228032C4900BFAD47 /* VerityUp */,
				7E1D3BC128032C4900BFAD47 /* Products */,
			);
			sourceTree = "<group>";
		};
		7E1D3BC128032C4900BFAD47 /* Products */ = {
			isa = PBXGroup;
			children = (
				7E1D3BC028032C4900BFAD47 /* VerityUp.app */,
			);
			name = Products;
			sourceTree = "<group>";
		};
		7E1D3BC228032C4900BFAD47 /* VerityUp */ = {
			isa = PBXGroup;
			children = (
				7E1D3BDD28033BCC00BFAD47 /* Extension */,
				7E1D3BD92803341800BFAD47 /* CustomViews */,
				7E1D3BD82803340500BFAD47 /* Views */,
				7E1D3BD7280333FD00BFAD47 /* Models */,
				7E1D3BC328032C4900BFAD47 /* AppDelegate.swift */,
				7E1D3BC528032C4900BFAD47 /* SceneDelegate.swift */,
				7E1D3BC928032C4900BFAD47 /* Main.storyboard */,
				7E1D3BCC28032C4900BFAD47 /* Assets.xcassets */,
				7E1D3BCE28032C4900BFAD47 /* LaunchScreen.storyboard */,
				7E1D3BD128032C4900BFAD47 /* Info.plist */,
			);
			path = VerityUp;
			sourceTree = "<group>";
		};
		7E1D3BD7280333FD00BFAD47 /* Models */ = {
			isa = PBXGroup;
			children = (
				7E1D3BE028033D0000BFAD47 /* OnboardingSlide.swift */,
			);
			path = Models;
			sourceTree = "<group>";
		};
		7E1D3BD82803340500BFAD47 /* Views */ = {
			isa = PBXGroup;
			children = (
				7E1D3BDA2803342800BFAD47 /* Onboarding */,
			);
			path = Views;
			sourceTree = "<group>";
		};
		7E1D3BD92803341800BFAD47 /* CustomViews */ = {
			isa = PBXGroup;
			children = (
			);
			path = CustomViews;
			sourceTree = "<group>";
		};
		7E1D3BDA2803342800BFAD47 /* Onboarding */ = {
			isa = PBXGroup;
			children = (
				7E1D3BDB2803344900BFAD47 /* OnboardingViewController.swift */,
				7E1D3BE228033F8C00BFAD47 /* OnBoardingCollectionViewCell.swift */,
			);
			path = Onboarding;
			sourceTree = "<group>";
		};
		7E1D3BDD28033BCC00BFAD47 /* Extension */ = {
			isa = PBXGroup;
			children = (
				7E1D3BDE28033BF600BFAD47 /* UIViewExtension.swift */,
			);
			path = Extension;
			sourceTree = "<group>";
		};
/* End PBXGroup section */

/* Begin PBXNativeTarget section */
		7E1D3BBF28032C4900BFAD47 /* VerityUp */ = {
			isa = PBXNativeTarget;
			buildConfigurationList = 7E1D3BD428032C4900BFAD47 /* Build configuration list for PBXNativeTarget "VerityUp" */;
			buildPhases = (
				7E1D3BBC28032C4900BFAD47 /* Sources */,
				7E1D3BBD28032C4900BFAD47 /* Frameworks */,
				7E1D3BBE28032C4900BFAD47 /* Resources */,
			);
			buildRules = (
			);
			dependencies = (
			);
			name = VerityUp;
			productName = VerityUp;
			productReference = 7E1D3BC028032C4900BFAD47 /* VerityUp.app */;
			productType = "com.apple.product-type.application";
		};
/* End PBXNativeTarget section */

/* Begin PBXProject section */
		7E1D3BB828032C4900BFAD47 /* Project object */ = {
			isa = PBXProject;
			attributes = {
				BuildIndependentTargetsInParallel = 1;
				LastSwiftUpdateCheck = 1330;
				LastUpgradeCheck = 1330;
				TargetAttributes = {
					7E1D3BBF28032C4900BFAD47 = {
						CreatedOnToolsVersion = 13.3;
					};
				};
			};
			buildConfigurationList = 7E1D3BBB28032C4900BFAD47 /* Build configuration list for PBXProject "VerityUp" */;
			compatibilityVersion = "Xcode 13.0";
			developmentRegion = en;
			hasScannedForEncodings = 0;
			knownRegions = (
				en,
				Base,
			);
			mainGroup = 7E1D3BB728032C4900BFAD47;
			productRefGroup = 7E1D3BC128032C4900BFAD47 /* Products */;
			projectDirPath = "";
			projectRoot = "";
			targets = (
				7E1D3BBF28032C4900BFAD47 /* VerityUp */,
			);
		};
/* End PBXProject section */

/* Begin PBXResourcesBuildPhase section */
		7E1D3BBE28032C4900BFAD47 /* Resources */ = {
			isa = PBXResourcesBuildPhase;
			buildActionMask = 2147483647;
			files = (
				7E1D3BD028032C4900BFAD47 /* LaunchScreen.storyboard in Resources */,
				7E1D3BCD28032C4900BFAD47 /* Assets.xcassets in Resources */,
				7E1D3BCB28032C4900BFAD47 /* Main.storyboard in Resources */,
			);
			runOnlyForDeploymentPostprocessing = 0;
		};
/* End PBXResourcesBuildPhase section */

/* Begin PBXSourcesBuildPhase section */
		7E1D3BBC28032C4900BFAD47 /* Sources */ = {
			isa = PBXSourcesBuildPhase;
			buildActionMask = 2147483647;
			files = (
				7E1D3BE128033D0000BFAD47 /* OnboardingSlide.swift in Sources */,
				7E1D3BC428032C4900BFAD47 /* AppDelegate.swift in Sources */,
				7E1D3BC628032C4900BFAD47 /* SceneDelegate.swift in Sources */,
				7E1D3BE328033F8C00BFAD47 /* OnBoardingCollectionViewCell.swift in Sources */,
				7E1D3BDF28033BF600BFAD47 /* UIViewExtension.swift in Sources */,
				7E1D3BDC2803344900BFAD47 /* OnboardingViewController.swift in Sources */,
			);
			runOnlyForDeploymentPostprocessing = 0;
		};
/* End PBXSourcesBuildPhase section */

/* Begin PBXVariantGroup section */
		7E1D3BC928032C4900BFAD47 /* Main.storyboard */ = {
			isa = PBXVariantGroup;
			children = (
				7E1D3BCA28032C4900BFAD47 /* Base */,
			);
			name = Main.storyboard;
			sourceTree = "<group>";
		};
		7E1D3BCE28032C4900BFAD47 /* LaunchScreen.storyboard */ = {
			isa = PBXVariantGroup;
			children = (
				7E1D3BCF28032C4900BFAD47 /* Base */,
			);
			name = LaunchScreen.storyboard;
			sourceTree = "<group>";
		};
/* End PBXVariantGroup section */

/* Begin XCBuildConfiguration section */
		7E1D3BD228032C4900BFAD47 /* Debug */ = {
			isa = XCBuildConfiguration;
			buildSettings = {
				ALWAYS_SEARCH_USER_PATHS = NO;
				CLANG_ANALYZER_NONNULL = YES;
				CLANG_ANALYZER_NUMBER_OBJECT_CONVERSION = YES_AGGRESSIVE;
				CLANG_CXX_LANGUAGE_STANDARD = "gnu++17";
				CLANG_ENABLE_MODULES = YES;
				CLANG_ENABLE_OBJC_ARC = YES;
				CLANG_ENABLE_OBJC_WEAK = YES;
				CLANG_WARN_BLOCK_CAPTURE_AUTORELEASING = YES;
				CLANG_WARN_BOOL_CONVERSION = YES;
				CLANG_WARN_COMMA = YES;
				CLANG_WARN_CONSTANT_CONVERSION = YES;
				CLANG_WARN_DEPRECATED_OBJC_IMPLEMENTATIONS = YES;
				CLANG_WARN_DIRECT_OBJC_ISA_USAGE = YES_ERROR;
				CLANG_WARN_DOCUMENTATION_COMMENTS = YES;
				CLANG_WARN_EMPTY_BODY = YES;
				CLANG_WARN_ENUM_CONVERSION = YES;
				CLANG_WARN_INFINITE_RECURSION = YES;
				CLANG_WARN_INT_CONVERSION = YES;
				CLANG_WARN_NON_LITERAL_NULL_CONVERSION = YES;
				CLANG_WARN_OBJC_IMPLICIT_RETAIN_SELF = YES;
				CLANG_WARN_OBJC_LITERAL_CONVERSION = YES;
				CLANG_WARN_OBJC_ROOT_CLASS = YES_ERROR;
				CLANG_WARN_QUOTED_INCLUDE_IN_FRAMEWORK_HEADER = YES;
				CLANG_WARN_RANGE_LOOP_ANALYSIS = YES;
				CLANG_WARN_STRICT_PROTOTYPES = YES;
				CLANG_WARN_SUSPICIOUS_MOVE = YES;
				CLANG_WARN_UNGUARDED_AVAILABILITY = YES_AGGRESSIVE;
				CLANG_WARN_UNREACHABLE_CODE = YES;
				CLANG_WARN__DUPLICATE_METHOD_MATCH = YES;
				COPY_PHASE_STRIP = NO;
				DEBUG_INFORMATION_FORMAT = dwarf;
				ENABLE_STRICT_OBJC_MSGSEND = YES;
				ENABLE_TESTABILITY = YES;
				GCC_C_LANGUAGE_STANDARD = gnu11;
				GCC_DYNAMIC_NO_PIC = NO;
				GCC_NO_COMMON_BLOCKS = YES;
				GCC_OPTIMIZATION_LEVEL = 0;
				GCC_PREPROCESSOR_DEFINITIONS = (
					"DEBUG=1",
					"$(inherited)",
				);
				GCC_WARN_64_TO_32_BIT_CONVERSION = YES;
				GCC_WARN_ABOUT_RETURN_TYPE = YES_ERROR;
				GCC_WARN_UNDECLARED_SELECTOR = YES;
				GCC_WARN_UNINITIALIZED_AUTOS = YES_AGGRESSIVE;
				GCC_WARN_UNUSED_FUNCTION = YES;
				GCC_WARN_UNUSED_VARIABLE = YES;
				IPHONEOS_DEPLOYMENT_TARGET = 15.4;
				MTL_ENABLE_DEBUG_INFO = INCLUDE_SOURCE;
				MTL_FAST_MATH = YES;
				ONLY_ACTIVE_ARCH = YES;
				SDKROOT = iphoneos;
				SWIFT_ACTIVE_COMPILATION_CONDITIONS = DEBUG;
				SWIFT_OPTIMIZATION_LEVEL = "-Onone";
			};
			name = Debug;
		};
		7E1D3BD328032C4900BFAD47 /* Release */ = {
			isa = XCBuildConfiguration;
			buildSettings = {
				ALWAYS_SEARCH_USER_PATHS = NO;
				CLANG_ANALYZER_NONNULL = YES;
				CLANG_ANALYZER_NUMBER_OBJECT_CONVERSION = YES_AGGRESSIVE;
				CLANG_CXX_LANGUAGE_STANDARD = "gnu++17";
				CLANG_ENABLE_MODULES = YES;
				CLANG_ENABLE_OBJC_ARC = YES;
				CLANG_ENABLE_OBJC_WEAK = YES;
				CLANG_WARN_BLOCK_CAPTURE_AUTORELEASING = YES;
				CLANG_WARN_BOOL_CONVERSION = YES;
				CLANG_WARN_COMMA = YES;
				CLANG_WARN_CONSTANT_CONVERSION = YES;
				CLANG_WARN_DEPRECATED_OBJC_IMPLEMENTATIONS = YES;
				CLANG_WARN_DIRECT_OBJC_ISA_USAGE = YES_ERROR;
				CLANG_WARN_DOCUMENTATION_COMMENTS = YES;
				CLANG_WARN_EMPTY_BODY = YES;
				CLANG_WARN_ENUM_CONVERSION = YES;
				CLANG_WARN_INFINITE_RECURSION = YES;
				CLANG_WARN_INT_CONVERSION = YES;
				CLANG_WARN_NON_LITERAL_NULL_CONVERSION = YES;
				CLANG_WARN_OBJC_IMPLICIT_RETAIN_SELF = YES;
				CLANG_WARN_OBJC_LITERAL_CONVERSION = YES;
				CLANG_WARN_OBJC_ROOT_CLASS = YES_ERROR;
				CLANG_WARN_QUOTED_INCLUDE_IN_FRAMEWORK_HEADER = YES;
				CLANG_WARN_RANGE_LOOP_ANALYSIS = YES;
				CLANG_WARN_STRICT_PROTOTYPES = YES;
				CLANG_WARN_SUSPICIOUS_MOVE = YES;
				CLANG_WARN_UNGUARDED_AVAILABILITY = YES_AGGRESSIVE;
				CLANG_WARN_UNREACHABLE_CODE = YES;
				CLANG_WARN__DUPLICATE_METHOD_MATCH = YES;
				COPY_PHASE_STRIP = NO;
				DEBUG_INFORMATION_FORMAT = "dwarf-with-dsym";
				ENABLE_NS_ASSERTIONS = NO;
				ENABLE_STRICT_OBJC_MSGSEND = YES;
				GCC_C_LANGUAGE_STANDARD = gnu11;
				GCC_NO_COMMON_BLOCKS = YES;
				GCC_WARN_64_TO_32_BIT_CONVERSION = YES;
				GCC_WARN_ABOUT_RETURN_TYPE = YES_ERROR;
				GCC_WARN_UNDECLARED_SELECTOR = YES;
				GCC_WARN_UNINITIALIZED_AUTOS = YES_AGGRESSIVE;
				GCC_WARN_UNUSED_FUNCTION = YES;
				GCC_WARN_UNUSED_VARIABLE = YES;
				IPHONEOS_DEPLOYMENT_TARGET = 15.4;
				MTL_ENABLE_DEBUG_INFO = NO;
				MTL_FAST_MATH = YES;
				SDKROOT = iphoneos;
				SWIFT_COMPILATION_MODE = wholemodule;
				SWIFT_OPTIMIZATION_LEVEL = "-O";
				VALIDATE_PRODUCT = YES;
			};
			name = Release;
		};
		7E1D3BD528032C4900BFAD47 /* Debug */ = {
			isa = XCBuildConfiguration;
			buildSettings = {
				ASSETCATALOG_COMPILER_APPICON_NAME = AppIcon;
				ASSETCATALOG_COMPILER_GLOBAL_ACCENT_COLOR_NAME = AccentColor;
				CODE_SIGN_STYLE = Automatic;
				CURRENT_PROJECT_VERSION = 1;
				GENERATE_INFOPLIST_FILE = YES;
				INFOPLIST_FILE = VerityUp/Info.plist;
				INFOPLIST_KEY_UIApplicationSupportsIndirectInputEvents = YES;
				INFOPLIST_KEY_UILaunchStoryboardName = LaunchScreen;
				INFOPLIST_KEY_UIMainStoryboardFile = Main;
				INFOPLIST_KEY_UISupportedInterfaceOrientations_iPad = "UIInterfaceOrientationPortrait UIInterfaceOrientationPortraitUpsideDown UIInterfaceOrientationLandscapeLeft UIInterfaceOrientationLandscapeRight";
				INFOPLIST_KEY_UISupportedInterfaceOrientations_iPhone = "UIInterfaceOrientationPortrait UIInterfaceOrientationLandscapeLeft UIInterfaceOrientationLandscapeRight";
				LD_RUNPATH_SEARCH_PATHS = (
					"$(inherited)",
					"@executable_path/Frameworks",
				);
				MARKETING_VERSION = 1.0;
				PRODUCT_BUNDLE_IDENTIFIER = com.rivaldofez.VerityUp;
				PRODUCT_NAME = "$(TARGET_NAME)";
				SWIFT_EMIT_LOC_STRINGS = YES;
				SWIFT_VERSION = 5.0;
				TARGETED_DEVICE_FAMILY = "1,2";
			};
			name = Debug;
		};
		7E1D3BD628032C4900BFAD47 /* Release */ = {
			isa = XCBuildConfiguration;
			buildSettings = {
				ASSETCATALOG_COMPILER_APPICON_NAME = AppIcon;
				ASSETCATALOG_COMPILER_GLOBAL_ACCENT_COLOR_NAME = AccentColor;
				CODE_SIGN_STYLE = Automatic;
				CURRENT_PROJECT_VERSION = 1;
				GENERATE_INFOPLIST_FILE = YES;
				INFOPLIST_FILE = VerityUp/Info.plist;
				INFOPLIST_KEY_UIApplicationSupportsIndirectInputEvents = YES;
				INFOPLIST_KEY_UILaunchStoryboardName = LaunchScreen;
				INFOPLIST_KEY_UIMainStoryboardFile = Main;
				INFOPLIST_KEY_UISupportedInterfaceOrientations_iPad = "UIInterfaceOrientationPortrait UIInterfaceOrientationPortraitUpsideDown UIInterfaceOrientationLandscapeLeft UIInterfaceOrientationLandscapeRight";
				INFOPLIST_KEY_UISupportedInterfaceOrientations_iPhone = "UIInterfaceOrientationPortrait UIInterfaceOrientationLandscapeLeft UIInterfaceOrientationLandscapeRight";
				LD_RUNPATH_SEARCH_PATHS = (
					"$(inherited)",
					"@executable_path/Frameworks",
				);
				MARKETING_VERSION = 1.0;
				PRODUCT_BUNDLE_IDENTIFIER = com.rivaldofez.VerityUp;
				PRODUCT_NAME = "$(TARGET_NAME)";
				SWIFT_EMIT_LOC_STRINGS = YES;
				SWIFT_VERSION = 5.0;
				TARGETED_DEVICE_FAMILY = "1,2";
			};
			name = Release;
		};
/* End XCBuildConfiguration section */

/* Begin XCConfigurationList section */
		7E1D3BBB28032C4900BFAD47 /* Build configuration list for PBXProject "VerityUp" */ = {
			isa = XCConfigurationList;
			buildConfigurations = (
				7E1D3BD228032C4900BFAD47 /* Debug */,
				7E1D3BD328032C4900BFAD47 /* Release */,
			);
			defaultConfigurationIsVisible = 0;
			defaultConfigurationName = Release;
		};
		7E1D3BD428032C4900BFAD47 /* Build configuration list for PBXNativeTarget "VerityUp" */ = {
			isa = XCConfigurationList;
			buildConfigurations = (
				7E1D3BD528032C4900BFAD47 /* Debug */,
				7E1D3BD628032C4900BFAD47 /* Release */,
			);
			defaultConfigurationIsVisible = 0;
			defaultConfigurationName = Release;
		};
/* End XCConfigurationList section */
	};
	rootObject = 7E1D3BB828032C4900BFAD47 /* Project object */;
}
